
Microsoft Visual Studio Solution File, Format Version 12.00
# Visual Studio Version 16
VisualStudioVersion = 16.0.30804.86
MinimumVisualStudioVersion = 10.0.40219.1
Project("{9A19103F-16F7-4668-BE54-9A1E7A4F7556}") = "Uroboro.PL.Blazor", "Uroboro.PL.Blazor\Uroboro.PL.Blazor.csproj", "{2CACFDD3-2A99-46D6-B915-4E9C2353E220}"
EndProject
Project("{9A19103F-16F7-4668-BE54-9A1E7A4F7556}") = "Uroboro.SL.WebAPI", "Uroboro.SL.WebAPI\Uroboro.SL.WebAPI.csproj", "{B79B0175-6102-47AF-B32C-FFD8399085F8}"
EndProject
Project("{9A19103F-16F7-4668-BE54-9A1E7A4F7556}") = "Uroboro.BL", "Uroboro.BL\Uroboro.BL.csproj", "{2F0D4BEA-41A9-4D4E-9697-98D1F7A5C694}"
EndProject
Project("{9A19103F-16F7-4668-BE54-9A1E7A4F7556}") = "Uroboro.DAL.InMemory", "Uroboro.DAL.InMemory\Uroboro.DAL.InMemory.csproj", "{A80E3E72-7F52-47E7-8390-7409869D3450}"
EndProject
Project("{9A19103F-16F7-4668-BE54-9A1E7A4F7556}") = "Uroboro.SL.SignalR", "Uroboro.SL.SignalR\Uroboro.SL.SignalR.csproj", "{56C9F84F-CBAA-485F-A6C8-C5ED22BEBF22}"
EndProject
Project("{9A19103F-16F7-4668-BE54-9A1E7A4F7556}") = "Uroboro.Common", "Uroboro.Common\Uroboro.Common.csproj", "{BD6109E3-5792-4951-98D6-AD9454EAA67D}"
EndProject
Project("{FAE04EC0-301F-11D3-BF4B-00C04F79EFBC}") = "Uroboro.DAL", "Uroboro.DAL\Uroboro.DAL.csproj", "{9F3BD317-7E48-4082-BF7E-B87F884B9F03}"
EndProject
Project("{9A19103F-16F7-4668-BE54-9A1E7A4F7556}") = "Uroboro.DAL.SQLServer", "Uroboro.DAL.SQLServer\Uroboro.DAL.SQLServer.csproj", "{BEDC3058-C942-4E15-A9EE-7941CB110ED1}"
EndProject
Global
	GlobalSection(SolutionConfigurationPlatforms) = preSolution
		Debug|Any CPU = Debug|Any CPU
		Release|Any CPU = Release|Any CPU
	EndGlobalSection
	GlobalSection(ProjectConfigurationPlatforms) = postSolution
		{2CACFDD3-2A99-46D6-B915-4E9C2353E220}.Debug|Any CPU.ActiveCfg = Debug|Any CPU
		{2CACFDD3-2A99-46D6-B915-4E9C2353E220}.Debug|Any CPU.Build.0 = Debug|Any CPU
		{2CACFDD3-2A99-46D6-B915-4E9C2353E220}.Release|Any CPU.ActiveCfg = Release|Any CPU
		{2CACFDD3-2A99-46D6-B915-4E9C2353E220}.Release|Any CPU.Build.0 = Release|Any CPU
		{B79B0175-6102-47AF-B32C-FFD8399085F8}.Debug|Any CPU.ActiveCfg = Debug|Any CPU
		{B79B0175-6102-47AF-B32C-FFD8399085F8}.Debug|Any CPU.Build.0 = Debug|Any CPU
		{B79B0175-6102-47AF-B32C-FFD8399085F8}.Release|Any CPU.ActiveCfg = Release|Any CPU
		{B79B0175-6102-47AF-B32C-FFD8399085F8}.Release|Any CPU.Build.0 = Release|Any CPU
		{2F0D4BEA-41A9-4D4E-9697-98D1F7A5C694}.Debug|Any CPU.ActiveCfg = Debug|Any CPU
		{2F0D4BEA-41A9-4D4E-9697-98D1F7A5C694}.Debug|Any CPU.Build.0 = Debug|Any CPU
		{2F0D4BEA-41A9-4D4E-9697-98D1F7A5C694}.Release|Any CPU.ActiveCfg = Release|Any CPU
		{2F0D4BEA-41A9-4D4E-9697-98D1F7A5C694}.Release|Any CPU.Build.0 = Release|Any CPU
		{A80E3E72-7F52-47E7-8390-7409869D3450}.Debug|Any CPU.ActiveCfg = Debug|Any CPU
		{A80E3E72-7F52-47E7-8390-7409869D3450}.Debug|Any CPU.Build.0 = Debug|Any CPU
		{A80E3E72-7F52-47E7-8390-7409869D3450}.Release|Any CPU.ActiveCfg = Release|Any CPU
		{A80E3E72-7F52-47E7-8390-7409869D3450}.Release|Any CPU.Build.0 = Release|Any CPU
		{56C9F84F-CBAA-485F-A6C8-C5ED22BEBF22}.Debug|Any CPU.ActiveCfg = Debug|Any CPU
		{56C9F84F-CBAA-485F-A6C8-C5ED22BEBF22}.Debug|Any CPU.Build.0 = Debug|Any CPU
		{56C9F84F-CBAA-485F-A6C8-C5ED22BEBF22}.Release|Any CPU.ActiveCfg = Release|Any CPU
		{56C9F84F-CBAA-485F-A6C8-C5ED22BEBF22}.Release|Any CPU.Build.0 = Release|Any CPU
		{BD6109E3-5792-4951-98D6-AD9454EAA67D}.Debug|Any CPU.ActiveCfg = Debug|Any CPU
		{BD6109E3-5792-4951-98D6-AD9454EAA67D}.Debug|Any CPU.Build.0 = Debug|Any CPU
		{BD6109E3-5792-4951-98D6-AD9454EAA67D}.Release|Any CPU.ActiveCfg = Release|Any CPU
		{BD6109E3-5792-4951-98D6-AD9454EAA67D}.Release|Any CPU.Build.0 = Release|Any CPU
		{9F3BD317-7E48-4082-BF7E-B87F884B9F03}.Debug|Any CPU.ActiveCfg = Debug|Any CPU
		{9F3BD317-7E48-4082-BF7E-B87F884B9F03}.Debug|Any CPU.Build.0 = Debug|Any CPU
		{9F3BD317-7E48-4082-BF7E-B87F884B9F03}.Release|Any CPU.ActiveCfg = Release|Any CPU
		{9F3BD317-7E48-4082-BF7E-B87F884B9F03}.Release|Any CPU.Build.0 = Release|Any CPU
		{BEDC3058-C942-4E15-A9EE-7941CB110ED1}.Debug|Any CPU.ActiveCfg = Debug|Any CPU
		{BEDC3058-C942-4E15-A9EE-7941CB110ED1}.Debug|Any CPU.Build.0 = Debug|Any CPU
		{BEDC3058-C942-4E15-A9EE-7941CB110ED1}.Release|Any CPU.ActiveCfg = Release|Any CPU
		{BEDC3058-C942-4E15-A9EE-7941CB110ED1}.Release|Any CPU.Build.0 = Release|Any CPU
	EndGlobalSection
	GlobalSection(SolutionProperties) = preSolution
		HideSolutionNode = FALSE
	EndGlobalSection
	GlobalSection(ExtensibilityGlobals) = postSolution
		SolutionGuid = {9B54E3D4-12E9-496A-A08F-1B10E48B8254}
	EndGlobalSection
EndGlobal
